
Microsoft Visual Studio Solution File, Format Version 12.00
# Visual Studio 15
Project("{FAE04EC0-301F-11D3-BF4B-00C04F79EFBC}") = "ReservationAssistant", "ReservationAssistant.csproj", "{07884540-893F-43E1-AB2E-4D544601F0FC}"
EndProject
Global
	GlobalSection(SolutionConfigurationPlatforms) = preSolution
		Debug|Any CPU = Debug|Any CPU
		Release|Any CPU = Release|Any CPU
	EndGlobalSection
	GlobalSection(ProjectConfigurationPlatforms) = postSolution
		{07884540-893F-43E1-AB2E-4D544601F0FC}.Debug|Any CPU.ActiveCfg = Debug|Any CPU
		{07884540-893F-43E1-AB2E-4D544601F0FC}.Debug|Any CPU.Build.0 = Debug|Any CPU
		{07884540-893F-43E1-AB2E-4D544601F0FC}.Release|Any CPU.ActiveCfg = Release|Any CPU
		{07884540-893F-43E1-AB2E-4D544601F0FC}.Release|Any CPU.Build.0 = Release|Any CPU
	EndGlobalSection
EndGlobal
